
Microsoft Visual Studio Solution File, Format Version 12.00
# Visual Studio 15
VisualStudioVersion = 15.0.28010.0
MinimumVisualStudioVersion = 10.0.40219.1
Project("{FAE04EC0-301F-11D3-BF4B-00C04F79EFBC}") = "TechSummitSample", "TechSummitSample\TechSummitSample.csproj", "{795E0CA6-0FC2-4A75-AE18-F3504DC06C07}"
EndProject
Global
	GlobalSection(SolutionConfigurationPlatforms) = preSolution
		Debug|Any CPU = Debug|Any CPU
		Release|Any CPU = Release|Any CPU
	EndGlobalSection
	GlobalSection(ProjectConfigurationPlatforms) = postSolution
		{795E0CA6-0FC2-4A75-AE18-F3504DC06C07}.Debug|Any CPU.ActiveCfg = Debug|Any CPU
		{795E0CA6-0FC2-4A75-AE18-F3504DC06C07}.Debug|Any CPU.Build.0 = Debug|Any CPU
		{795E0CA6-0FC2-4A75-AE18-F3504DC06C07}.Release|Any CPU.ActiveCfg = Release|Any CPU
		{795E0CA6-0FC2-4A75-AE18-F3504DC06C07}.Release|Any CPU.Build.0 = Release|Any CPU
	EndGlobalSection
	GlobalSection(SolutionProperties) = preSolution
		HideSolutionNode = FALSE
	EndGlobalSection
	GlobalSection(ExtensibilityGlobals) = postSolution
		SolutionGuid = {5B295516-5463-4FC5-B463-EEBFE511912A}
	EndGlobalSection
EndGlobal
